
Microsoft Visual Studio Solution File, Format Version 12.00
# Visual Studio 14
VisualStudioVersion = 14.0.25123.0
MinimumVisualStudioVersion = 10.0.40219.1
Project("{FAE04EC0-301F-11D3-BF4B-00C04F79EFBC}") = "MinutemanWPF", "MinutemanWPF\MinutemanWPF.csproj", "{DC7138C3-2A6B-46DF-8079-9ECD9078C656}"
	ProjectSection(ProjectDependencies) = postProject
		{C1EBEA9E-5800-45C4-9DFE-D182F1157837} = {C1EBEA9E-5800-45C4-9DFE-D182F1157837}
	EndProjectSection
EndProject
Project("{FAE04EC0-301F-11D3-BF4B-00C04F79EFBC}") = "SpeechAPI", "..\..\..\Minuteman\SpeechAPI\SpeechAPI\SpeechAPI\SpeechAPI.csproj", "{C1EBEA9E-5800-45C4-9DFE-D182F1157837}"
EndProject
Global
	GlobalSection(SolutionConfigurationPlatforms) = preSolution
		Debug|Any CPU = Debug|Any CPU
		Release|Any CPU = Release|Any CPU
	EndGlobalSection
	GlobalSection(ProjectConfigurationPlatforms) = postSolution
		{DC7138C3-2A6B-46DF-8079-9ECD9078C656}.Debug|Any CPU.ActiveCfg = Debug|Any CPU
		{DC7138C3-2A6B-46DF-8079-9ECD9078C656}.Debug|Any CPU.Build.0 = Debug|Any CPU
		{DC7138C3-2A6B-46DF-8079-9ECD9078C656}.Release|Any CPU.ActiveCfg = Release|Any CPU
		{DC7138C3-2A6B-46DF-8079-9ECD9078C656}.Release|Any CPU.Build.0 = Release|Any CPU
		{C1EBEA9E-5800-45C4-9DFE-D182F1157837}.Debug|Any CPU.ActiveCfg = Debug|Any CPU
		{C1EBEA9E-5800-45C4-9DFE-D182F1157837}.Debug|Any CPU.Build.0 = Debug|Any CPU
		{C1EBEA9E-5800-45C4-9DFE-D182F1157837}.Release|Any CPU.ActiveCfg = Release|Any CPU
		{C1EBEA9E-5800-45C4-9DFE-D182F1157837}.Release|Any CPU.Build.0 = Release|Any CPU
	EndGlobalSection
	GlobalSection(SolutionProperties) = preSolution
		HideSolutionNode = FALSE
	EndGlobalSection
EndGlobal
